
Microsoft Visual Studio Solution File, Format Version 12.00
# Visual Studio Version 16
VisualStudioVersion = 16.0.34601.136
MinimumVisualStudioVersion = 10.0.40219.1
Project("{FAE04EC0-301F-11D3-BF4B-00C04F79EFBC}") = "WCS_TASK_SC_MURATA", "WCS_TASK_SC_MURATA.csproj", "{FAD8A8B3-64F9-4400-AB97-C7040444B227}"
EndProject
Global
	GlobalSection(SolutionConfigurationPlatforms) = preSolution
		Debug|Any CPU = Debug|Any CPU
		Release|Any CPU = Release|Any CPU
	EndGlobalSection
	GlobalSection(ProjectConfigurationPlatforms) = postSolution
		{FAD8A8B3-64F9-4400-AB97-C7040444B227}.Debug|Any CPU.ActiveCfg = Debug|Any CPU
		{FAD8A8B3-64F9-4400-AB97-C7040444B227}.Debug|Any CPU.Build.0 = Debug|Any CPU
		{FAD8A8B3-64F9-4400-AB97-C7040444B227}.Release|Any CPU.ActiveCfg = Release|Any CPU
		{FAD8A8B3-64F9-4400-AB97-C7040444B227}.Release|Any CPU.Build.0 = Release|Any CPU
	EndGlobalSection
	GlobalSection(SolutionProperties) = preSolution
		HideSolutionNode = FALSE
	EndGlobalSection
	GlobalSection(ExtensibilityGlobals) = postSolution
		SolutionGuid = {67441F72-334B-43D6-94C2-5D07F33F793E}
	EndGlobalSection
EndGlobal
